<Solution>
  <Folder Name="/src/">
    <Project Path="src/ClawMailCalCli/ClawMailCalCli.csproj" />
  </Folder>
  <Folder Name="/tests/">
    <Project Path="tests/ClawMailCalCli.Tests/ClawMailCalCli.Tests.csproj" />
    <Project Path="tests/ClawMailCalCli.IntegrationTests/ClawMailCalCli.IntegrationTests.csproj" />
  </Folder>
</Solution>
